
Microsoft Visual Studio Solution File, Format Version 12.00
# Visual Studio Version 16
VisualStudioVersion = 16.0.30611.23
MinimumVisualStudioVersion = 10.0.40219.1
Project("{FAE04EC0-301F-11D3-BF4B-00C04F79EFBC}") = "ReHackt.RazorEmails", "ReHackt.RazorEmails.csproj", "{53915ED0-F55A-4A13-9290-FFA3EB98A5F9}"
EndProject
Global
	GlobalSection(SolutionConfigurationPlatforms) = preSolution
		Debug|Any CPU = Debug|Any CPU
		Release|Any CPU = Release|Any CPU
	EndGlobalSection
	GlobalSection(ProjectConfigurationPlatforms) = postSolution
		{53915ED0-F55A-4A13-9290-FFA3EB98A5F9}.Debug|Any CPU.ActiveCfg = Debug|Any CPU
		{53915ED0-F55A-4A13-9290-FFA3EB98A5F9}.Debug|Any CPU.Build.0 = Debug|Any CPU
		{53915ED0-F55A-4A13-9290-FFA3EB98A5F9}.Release|Any CPU.ActiveCfg = Release|Any CPU
		{53915ED0-F55A-4A13-9290-FFA3EB98A5F9}.Release|Any CPU.Build.0 = Release|Any CPU
	EndGlobalSection
	GlobalSection(SolutionProperties) = preSolution
		HideSolutionNode = FALSE
	EndGlobalSection
	GlobalSection(ExtensibilityGlobals) = postSolution
		SolutionGuid = {06FD33F4-FFFF-4B17-87BA-86E5A433F508}
	EndGlobalSection
EndGlobal
